version: 2.0
shards:
  dotenv:
    git: https://github.com/gdotdesign/cr-dotenv.git
    version: 1.0.0

  earl:
    git: https://github.com/ysbaddaden/earl.git
    version: 0.2.0+git.commit.3f4c145e11946eaa137c8bd42ddd1d1cb46bfc5d

  openssl_ext:
    git: https://github.com/stakach/openssl_ext.git
    version: 2.1.5

  pool:
    git: https://github.com/ysbaddaden/pool.git
    version: 0.2.4

  redis:
    git: https://github.com/stefanwille/crystal-redis.git
    version: 2.8.3

  syn:
    git: https://github.com/ysbaddaden/syn.git
    version: 0.2.0

  webmock:
    git: https://github.com/manastech/webmock.cr.git
    version: 0.14.0

